
Microsoft Visual Studio Solution File, Format Version 12.00
# Visual Studio Version 16
VisualStudioVersion = 16.0.30804.86
MinimumVisualStudioVersion = 10.0.40219.1
Project("{FAE04EC0-301F-11D3-BF4B-00C04F79EFBC}") = "GrpcServer", "GrpcServer\GrpcServer.csproj", "{A8CD2B8A-DFCE-47C9-9C2A-E89B86F59EA8}"
EndProject
Project("{FAE04EC0-301F-11D3-BF4B-00C04F79EFBC}") = "GrpcClient", "GrpcClient\GrpcClient.csproj", "{14516EB9-3D80-4EA2-B4D0-3855E9BB0AF8}"
EndProject
Project("{FAE04EC0-301F-11D3-BF4B-00C04F79EFBC}") = "GrpcClientHosted", "GrpcClientHosted\GrpcClientHosted.csproj", "{E7920E3C-6258-4E29-829A-661AB81815D8}"
EndProject
Global
	GlobalSection(SolutionConfigurationPlatforms) = preSolution
		Debug|Any CPU = Debug|Any CPU
		Release|Any CPU = Release|Any CPU
	EndGlobalSection
	GlobalSection(ProjectConfigurationPlatforms) = postSolution
		{A8CD2B8A-DFCE-47C9-9C2A-E89B86F59EA8}.Debug|Any CPU.ActiveCfg = Debug|Any CPU
		{A8CD2B8A-DFCE-47C9-9C2A-E89B86F59EA8}.Debug|Any CPU.Build.0 = Debug|Any CPU
		{A8CD2B8A-DFCE-47C9-9C2A-E89B86F59EA8}.Release|Any CPU.ActiveCfg = Release|Any CPU
		{A8CD2B8A-DFCE-47C9-9C2A-E89B86F59EA8}.Release|Any CPU.Build.0 = Release|Any CPU
		{14516EB9-3D80-4EA2-B4D0-3855E9BB0AF8}.Debug|Any CPU.ActiveCfg = Debug|Any CPU
		{14516EB9-3D80-4EA2-B4D0-3855E9BB0AF8}.Debug|Any CPU.Build.0 = Debug|Any CPU
		{14516EB9-3D80-4EA2-B4D0-3855E9BB0AF8}.Release|Any CPU.ActiveCfg = Release|Any CPU
		{14516EB9-3D80-4EA2-B4D0-3855E9BB0AF8}.Release|Any CPU.Build.0 = Release|Any CPU
		{E7920E3C-6258-4E29-829A-661AB81815D8}.Debug|Any CPU.ActiveCfg = Debug|Any CPU
		{E7920E3C-6258-4E29-829A-661AB81815D8}.Debug|Any CPU.Build.0 = Debug|Any CPU
		{E7920E3C-6258-4E29-829A-661AB81815D8}.Release|Any CPU.ActiveCfg = Release|Any CPU
		{E7920E3C-6258-4E29-829A-661AB81815D8}.Release|Any CPU.Build.0 = Release|Any CPU
	EndGlobalSection
	GlobalSection(SolutionProperties) = preSolution
		HideSolutionNode = FALSE
	EndGlobalSection
	GlobalSection(ExtensibilityGlobals) = postSolution
		SolutionGuid = {F05F9D7E-010E-410E-A776-90E9AB160566}
	EndGlobalSection
EndGlobal
